
Microsoft Visual Studio Solution File, Format Version 12.00
# Visual Studio Version 16
VisualStudioVersion = 16.0.31019.35
MinimumVisualStudioVersion = 10.0.40219.1
Project("{9A19103F-16F7-4668-BE54-9A1E7A4F7556}") = "WpfBrowser", "WpfBrowser.csproj", "{AB8A58BB-0A87-4DDC-9C07-D23D423D19F1}"
EndProject
Global
	GlobalSection(SolutionConfigurationPlatforms) = preSolution
		Debug|Any CPU = Debug|Any CPU
		Release|Any CPU = Release|Any CPU
	EndGlobalSection
	GlobalSection(ProjectConfigurationPlatforms) = postSolution
		{AB8A58BB-0A87-4DDC-9C07-D23D423D19F1}.Debug|Any CPU.ActiveCfg = Debug|Any CPU
		{AB8A58BB-0A87-4DDC-9C07-D23D423D19F1}.Debug|Any CPU.Build.0 = Debug|Any CPU
		{AB8A58BB-0A87-4DDC-9C07-D23D423D19F1}.Release|Any CPU.ActiveCfg = Release|Any CPU
		{AB8A58BB-0A87-4DDC-9C07-D23D423D19F1}.Release|Any CPU.Build.0 = Release|Any CPU
	EndGlobalSection
	GlobalSection(SolutionProperties) = preSolution
		HideSolutionNode = FALSE
	EndGlobalSection
	GlobalSection(ExtensibilityGlobals) = postSolution
		SolutionGuid = {5A3E7B65-A367-44BB-A914-12A437ECE468}
	EndGlobalSection
EndGlobal
